
Microsoft Visual Studio Solution File, Format Version 12.00
# Visual Studio Version 17
VisualStudioVersion = 17.5.33516.290
MinimumVisualStudioVersion = 10.0.40219.1
Project("{9A19103F-16F7-4668-BE54-9A1E7A4F7556}") = "Gateway", "Gateway\Gateway.csproj", "{8BEC0A08-B766-4DB1-8DCC-5DD43C7BA5A3}"
EndProject
Project("{9A19103F-16F7-4668-BE54-9A1E7A4F7556}") = "Catalog.API", "Catalog.API\Catalog.API.csproj", "{7E2723A1-CDAA-4CA9-8B4A-45580B05C5A2}"
EndProject
Project("{9A19103F-16F7-4668-BE54-9A1E7A4F7556}") = "Client.Server", "Client\Server\Client.Server.csproj", "{16AC9C63-A880-4487-A18F-77313AD443D8}"
EndProject
Project("{9A19103F-16F7-4668-BE54-9A1E7A4F7556}") = "SharedApp", "Client\Shared\SharedApp.csproj", "{A58A0C26-0F9F-4926-97E9-2F3898B499B2}"
EndProject
Project("{2150E333-8FDC-42A3-9474-1A3956D46DE8}") = "Solution Items", "Solution Items", "{4AAE8DDD-2937-4B6F-87AC-4AF1558E4012}"
	ProjectSection(SolutionItems) = preProject
		.editorconfig = .editorconfig
	EndProjectSection
EndProject
Project("{FAE04EC0-301F-11D3-BF4B-00C04F79EFBC}") = "Client.App", "Client\Client\Client.App.csproj", "{BD329D0F-A71D-4F6B-B3D5-2038EC1FBFC1}"
EndProject
Global
	GlobalSection(SolutionConfigurationPlatforms) = preSolution
		Debug|Any CPU = Debug|Any CPU
		Release|Any CPU = Release|Any CPU
	EndGlobalSection
	GlobalSection(ProjectConfigurationPlatforms) = postSolution
		{8BEC0A08-B766-4DB1-8DCC-5DD43C7BA5A3}.Debug|Any CPU.ActiveCfg = Debug|Any CPU
		{8BEC0A08-B766-4DB1-8DCC-5DD43C7BA5A3}.Debug|Any CPU.Build.0 = Debug|Any CPU
		{8BEC0A08-B766-4DB1-8DCC-5DD43C7BA5A3}.Release|Any CPU.ActiveCfg = Release|Any CPU
		{8BEC0A08-B766-4DB1-8DCC-5DD43C7BA5A3}.Release|Any CPU.Build.0 = Release|Any CPU
		{7E2723A1-CDAA-4CA9-8B4A-45580B05C5A2}.Debug|Any CPU.ActiveCfg = Debug|Any CPU
		{7E2723A1-CDAA-4CA9-8B4A-45580B05C5A2}.Debug|Any CPU.Build.0 = Debug|Any CPU
		{7E2723A1-CDAA-4CA9-8B4A-45580B05C5A2}.Release|Any CPU.ActiveCfg = Release|Any CPU
		{7E2723A1-CDAA-4CA9-8B4A-45580B05C5A2}.Release|Any CPU.Build.0 = Release|Any CPU
		{16AC9C63-A880-4487-A18F-77313AD443D8}.Debug|Any CPU.ActiveCfg = Debug|Any CPU
		{16AC9C63-A880-4487-A18F-77313AD443D8}.Debug|Any CPU.Build.0 = Debug|Any CPU
		{16AC9C63-A880-4487-A18F-77313AD443D8}.Release|Any CPU.ActiveCfg = Release|Any CPU
		{16AC9C63-A880-4487-A18F-77313AD443D8}.Release|Any CPU.Build.0 = Release|Any CPU
		{A58A0C26-0F9F-4926-97E9-2F3898B499B2}.Debug|Any CPU.ActiveCfg = Debug|Any CPU
		{A58A0C26-0F9F-4926-97E9-2F3898B499B2}.Debug|Any CPU.Build.0 = Debug|Any CPU
		{A58A0C26-0F9F-4926-97E9-2F3898B499B2}.Release|Any CPU.ActiveCfg = Release|Any CPU
		{A58A0C26-0F9F-4926-97E9-2F3898B499B2}.Release|Any CPU.Build.0 = Release|Any CPU
		{BD329D0F-A71D-4F6B-B3D5-2038EC1FBFC1}.Debug|Any CPU.ActiveCfg = Debug|Any CPU
		{BD329D0F-A71D-4F6B-B3D5-2038EC1FBFC1}.Debug|Any CPU.Build.0 = Debug|Any CPU
		{BD329D0F-A71D-4F6B-B3D5-2038EC1FBFC1}.Release|Any CPU.ActiveCfg = Release|Any CPU
		{BD329D0F-A71D-4F6B-B3D5-2038EC1FBFC1}.Release|Any CPU.Build.0 = Release|Any CPU
	EndGlobalSection
	GlobalSection(SolutionProperties) = preSolution
		HideSolutionNode = FALSE
	EndGlobalSection
	GlobalSection(ExtensibilityGlobals) = postSolution
		SolutionGuid = {F86B2878-7A1D-4878-87B7-DC28F93F2D52}
	EndGlobalSection
EndGlobal
